
Microsoft Visual Studio Solution File, Format Version 12.00
# Visual Studio 15
VisualStudioVersion = 15.0.26228.9
MinimumVisualStudioVersion = 10.0.40219.1
Project("{FAE04EC0-301F-11D3-BF4B-00C04F79EFBC}") = "Niffler.Console", "..\Niffler.Console\Niffler.Console.csproj", "{AFC6849F-3F16-4D11-BC20-0F642A3E8415}"
EndProject
Project("{FAE04EC0-301F-11D3-BF4B-00C04F79EFBC}") = "Niffler.cAlgo", "..\Niffler.cAlgo\Niffler.cAlgo.csproj", "{15CCA0F0-326A-4402-9D98-A90374C47CF4}"
EndProject
Project("{FAE04EC0-301F-11D3-BF4B-00C04F79EFBC}") = "Niffler.Core", "..\Niffler.Core\Niffler.Core.csproj", "{D28B7484-2D33-4538-B4FD-DCE0743B4CC2}"
EndProject
Global
	GlobalSection(SolutionConfigurationPlatforms) = preSolution
		Debug|Any CPU = Debug|Any CPU
		Release|Any CPU = Release|Any CPU
	EndGlobalSection
	GlobalSection(ProjectConfigurationPlatforms) = postSolution
		{AFC6849F-3F16-4D11-BC20-0F642A3E8415}.Debug|Any CPU.ActiveCfg = Debug|Any CPU
		{AFC6849F-3F16-4D11-BC20-0F642A3E8415}.Debug|Any CPU.Build.0 = Debug|Any CPU
		{AFC6849F-3F16-4D11-BC20-0F642A3E8415}.Release|Any CPU.ActiveCfg = Release|Any CPU
		{AFC6849F-3F16-4D11-BC20-0F642A3E8415}.Release|Any CPU.Build.0 = Release|Any CPU
		{15CCA0F0-326A-4402-9D98-A90374C47CF4}.Debug|Any CPU.ActiveCfg = Debug|Any CPU
		{15CCA0F0-326A-4402-9D98-A90374C47CF4}.Debug|Any CPU.Build.0 = Debug|Any CPU
		{15CCA0F0-326A-4402-9D98-A90374C47CF4}.Release|Any CPU.ActiveCfg = Release|Any CPU
		{15CCA0F0-326A-4402-9D98-A90374C47CF4}.Release|Any CPU.Build.0 = Release|Any CPU
		{D28B7484-2D33-4538-B4FD-DCE0743B4CC2}.Debug|Any CPU.ActiveCfg = Debug|Any CPU
		{D28B7484-2D33-4538-B4FD-DCE0743B4CC2}.Debug|Any CPU.Build.0 = Debug|Any CPU
		{D28B7484-2D33-4538-B4FD-DCE0743B4CC2}.Release|Any CPU.ActiveCfg = Release|Any CPU
		{D28B7484-2D33-4538-B4FD-DCE0743B4CC2}.Release|Any CPU.Build.0 = Release|Any CPU
	EndGlobalSection
	GlobalSection(SolutionProperties) = preSolution
		HideSolutionNode = FALSE
	EndGlobalSection
EndGlobal
