
Microsoft Visual Studio Solution File, Format Version 12.00
# Visual Studio 15
VisualStudioVersion = 15.0.26228.9
MinimumVisualStudioVersion = 10.0.40219.1
Project("{FAE04EC0-301F-11D3-BF4B-00C04F79EFBC}") = "Niffler.Tester", "..\Niffler.Tester\Niffler.Tester\Niffler.Tester.csproj", "{8DCAE913-9020-4AB7-BB5D-9541C1EFD28A}"
	ProjectSection(ProjectDependencies) = postProject
		{7E179E47-B5DE-45EB-BF05-6823A1E05D3D} = {7E179E47-B5DE-45EB-BF05-6823A1E05D3D}
		{652E984A-9B0E-4B42-8251-ECE5677862E6} = {652E984A-9B0E-4B42-8251-ECE5677862E6}
	EndProjectSection
EndProject
Project("{FAE04EC0-301F-11D3-BF4B-00C04F79EFBC}") = "Niffler.Website", "..\Niffler.Website\Niffler.Website\Niffler.Website.csproj", "{7E179E47-B5DE-45EB-BF05-6823A1E05D3D}"
	ProjectSection(ProjectDependencies) = postProject
		{652E984A-9B0E-4B42-8251-ECE5677862E6} = {652E984A-9B0E-4B42-8251-ECE5677862E6}
	EndProjectSection
EndProject
Project("{FAE04EC0-301F-11D3-BF4B-00C04F79EFBC}") = "Niffler.App", "..\Niffler.App\Niffler\Niffler.App.csproj", "{652E984A-9B0E-4B42-8251-ECE5677862E6}"
EndProject
Global
	GlobalSection(SolutionConfigurationPlatforms) = preSolution
		Debug|Any CPU = Debug|Any CPU
		Release|Any CPU = Release|Any CPU
	EndGlobalSection
	GlobalSection(ProjectConfigurationPlatforms) = postSolution
		{8DCAE913-9020-4AB7-BB5D-9541C1EFD28A}.Debug|Any CPU.ActiveCfg = Debug|Any CPU
		{8DCAE913-9020-4AB7-BB5D-9541C1EFD28A}.Debug|Any CPU.Build.0 = Debug|Any CPU
		{8DCAE913-9020-4AB7-BB5D-9541C1EFD28A}.Release|Any CPU.ActiveCfg = Release|Any CPU
		{8DCAE913-9020-4AB7-BB5D-9541C1EFD28A}.Release|Any CPU.Build.0 = Release|Any CPU
		{7E179E47-B5DE-45EB-BF05-6823A1E05D3D}.Debug|Any CPU.ActiveCfg = Debug|Any CPU
		{7E179E47-B5DE-45EB-BF05-6823A1E05D3D}.Debug|Any CPU.Build.0 = Debug|Any CPU
		{7E179E47-B5DE-45EB-BF05-6823A1E05D3D}.Release|Any CPU.ActiveCfg = Release|Any CPU
		{7E179E47-B5DE-45EB-BF05-6823A1E05D3D}.Release|Any CPU.Build.0 = Release|Any CPU
		{652E984A-9B0E-4B42-8251-ECE5677862E6}.Debug|Any CPU.ActiveCfg = Debug|Any CPU
		{652E984A-9B0E-4B42-8251-ECE5677862E6}.Debug|Any CPU.Build.0 = Debug|Any CPU
		{652E984A-9B0E-4B42-8251-ECE5677862E6}.Release|Any CPU.ActiveCfg = Release|Any CPU
		{652E984A-9B0E-4B42-8251-ECE5677862E6}.Release|Any CPU.Build.0 = Release|Any CPU
	EndGlobalSection
	GlobalSection(SolutionProperties) = preSolution
		HideSolutionNode = FALSE
	EndGlobalSection
EndGlobal
