
Microsoft Visual Studio Solution File, Format Version 11.00
# Visual Studio 2010
Project("{FAE04EC0-301F-11D3-BF4B-00C04F79EFBC}") = "Niffler Client", "Niffler Client\Niffler Client.csproj", "{CE7CE959-2524-4FEF-8057-01750CF2AB74}"
EndProject
Global
	GlobalSection(SolutionConfigurationPlatforms) = preSolution
		Debug|Any CPU = Debug|Any CPU
		Release|Any CPU = Release|Any CPU
	EndGlobalSection
	GlobalSection(ProjectConfigurationPlatforms) = postSolution
		{CE7CE959-2524-4FEF-8057-01750CF2AB74}.Debug|Any CPU.ActiveCfg = Debug|Any CPU
		{CE7CE959-2524-4FEF-8057-01750CF2AB74}.Debug|Any CPU.Build.0 = Debug|Any CPU
		{CE7CE959-2524-4FEF-8057-01750CF2AB74}.Release|Any CPU.ActiveCfg = Release|Any CPU
		{CE7CE959-2524-4FEF-8057-01750CF2AB74}.Release|Any CPU.Build.0 = Release|Any CPU
	EndGlobalSection
	GlobalSection(SolutionProperties) = preSolution
		HideSolutionNode = FALSE
	EndGlobalSection
EndGlobal
